// !$*UTF8*$!
{
	archiveVersion = 1;
	classes = {
	};
	objectVersion = 50;
	objects = {

/* Begin PBXBuildFile section */
		72596A4D240E69C90052010F /* AppDelegate.swift in Sources */ = {isa = PBXBuildFile; fileRef = 72596A4C240E69C90052010F /* AppDelegate.swift */; };
		72596A4F240E69C90052010F /* GameScene.sks in Resources */ = {isa = PBXBuildFile; fileRef = 72596A4E240E69C90052010F /* GameScene.sks */; };
		72596A51240E69C90052010F /* Actions.sks in Resources */ = {isa = PBXBuildFile; fileRef = 72596A50240E69C90052010F /* Actions.sks */; };
		72596A53240E69C90052010F /* GameScene.swift in Sources */ = {isa = PBXBuildFile; fileRef = 72596A52240E69C90052010F /* GameScene.swift */; };
		72596A55240E69C90052010F /* GameViewController.swift in Sources */ = {isa = PBXBuildFile; fileRef = 72596A54240E69C90052010F /* GameViewController.swift */; };
		72596A58240E69C90052010F /* Main.storyboard in Resources */ = {isa = PBXBuildFile; fileRef = 72596A56240E69C90052010F /* Main.storyboard */; };
		72596A5A240E69CC0052010F /* Assets.xcassets in Resources */ = {isa = PBXBuildFile; fileRef = 72596A59240E69CC0052010F /* Assets.xcassets */; };
		72596A5D240E69CC0052010F /* LaunchScreen.storyboard in Resources */ = {isa = PBXBuildFile; fileRef = 72596A5B240E69CC0052010F /* LaunchScreen.storyboard */; };
		72596A65240E6E490052010F /* BirdTileSet.sks in Resources */ = {isa = PBXBuildFile; fileRef = 72596A64240E6E490052010F /* BirdTileSet.sks */; };
		7299EB9D240E76FB00ED0012 /* GameCamera.swift in Sources */ = {isa = PBXBuildFile; fileRef = 7299EB9C240E76FB00ED0012 /* GameCamera.swift */; };
/* End PBXBuildFile section */

/* Begin PBXFileReference section */
		72596A49240E69C90052010F /* BirdyBirds.app */ = {isa = PBXFileReference; explicitFileType = wrapper.application; includeInIndex = 0; path = BirdyBirds.app; sourceTree = BUILT_PRODUCTS_DIR; };
		72596A4C240E69C90052010F /* AppDelegate.swift */ = {isa = PBXFileReference; lastKnownFileType = sourcecode.swift; path = AppDelegate.swift; sourceTree = "<group>"; };
		72596A4E240E69C90052010F /* GameScene.sks */ = {isa = PBXFileReference; lastKnownFileType = file.sks; path = GameScene.sks; sourceTree = "<group>"; };
		72596A50240E69C90052010F /* Actions.sks */ = {isa = PBXFileReference; lastKnownFileType = file.sks; path = Actions.sks; sourceTree = "<group>"; };
		72596A52240E69C90052010F /* GameScene.swift */ = {isa = PBXFileReference; lastKnownFileType = sourcecode.swift; path = GameScene.swift; sourceTree = "<group>"; };
		72596A54240E69C90052010F /* GameViewController.swift */ = {isa = PBXFileReference; lastKnownFileType = sourcecode.swift; path = GameViewController.swift; sourceTree = "<group>"; };
		72596A57240E69C90052010F /* Base */ = {isa = PBXFileReference; lastKnownFileType = file.storyboard; name = Base; path = Base.lproj/Main.storyboard; sourceTree = "<group>"; };
		72596A59240E69CC0052010F /* Assets.xcassets */ = {isa = PBXFileReference; lastKnownFileType = folder.assetcatalog; path = Assets.xcassets; sourceTree = "<group>"; };
		72596A5C240E69CC0052010F /* Base */ = {isa = PBXFileReference; lastKnownFileType = file.storyboard; name = Base; path = Base.lproj/LaunchScreen.storyboard; sourceTree = "<group>"; };
		72596A5E240E69CC0052010F /* Info.plist */ = {isa = PBXFileReference; lastKnownFileType = text.plist.xml; path = Info.plist; sourceTree = "<group>"; };
		72596A64240E6E490052010F /* BirdTileSet.sks */ = {isa = PBXFileReference; lastKnownFileType = file.sks; path = BirdTileSet.sks; sourceTree = "<group>"; };
		7299EB9C240E76FB00ED0012 /* GameCamera.swift */ = {isa = PBXFileReference; lastKnownFileType = sourcecode.swift; path = GameCamera.swift; sourceTree = "<group>"; };
/* End PBXFileReference section */

/* Begin PBXFrameworksBuildPhase section */
		72596A46240E69C90052010F /* Frameworks */ = {
			isa = PBXFrameworksBuildPhase;
			buildActionMask = 2147483647;
			files = (
			);
			runOnlyForDeploymentPostprocessing = 0;
		};
/* End PBXFrameworksBuildPhase section */

/* Begin PBXGroup section */
		72596A40240E69C90052010F = {
			isa = PBXGroup;
			children = (
				72596A4B240E69C90052010F /* BirdyBirds */,
				72596A4A240E69C90052010F /* Products */,
			);
			sourceTree = "<group>";
		};
		72596A4A240E69C90052010F /* Products */ = {
			isa = PBXGroup;
			children = (
				72596A49240E69C90052010F /* BirdyBirds.app */,
			);
			name = Products;
			sourceTree = "<group>";
		};
		72596A4B240E69C90052010F /* BirdyBirds */ = {
			isa = PBXGroup;
			children = (
				72596A5E240E69CC0052010F /* Info.plist */,
				7299EB9B240E76D500ED0012 /* Custom Nodes */,
				72596A6A240E73220052010F /* Template */,
				72596A68240E72D60052010F /* Scenes */,
				72596A50240E69C90052010F /* Actions.sks */,
				72596A66240E729F0052010F /* ViewController */,
				72596A67240E72C90052010F /* UI */,
				72596A69240E730A0052010F /* TileSets */,
			);
			path = BirdyBirds;
			sourceTree = "<group>";
		};
		72596A66240E729F0052010F /* ViewController */ = {
			isa = PBXGroup;
			children = (
				72596A54240E69C90052010F /* GameViewController.swift */,
			);
			path = ViewController;
			sourceTree = "<group>";
		};
		72596A67240E72C90052010F /* UI */ = {
			isa = PBXGroup;
			children = (
				72596A56240E69C90052010F /* Main.storyboard */,
				72596A59240E69CC0052010F /* Assets.xcassets */,
				72596A5B240E69CC0052010F /* LaunchScreen.storyboard */,
			);
			path = UI;
			sourceTree = "<group>";
		};
		72596A68240E72D60052010F /* Scenes */ = {
			isa = PBXGroup;
			children = (
				72596A4E240E69C90052010F /* GameScene.sks */,
				72596A52240E69C90052010F /* GameScene.swift */,
			);
			path = Scenes;
			sourceTree = "<group>";
		};
		72596A69240E730A0052010F /* TileSets */ = {
			isa = PBXGroup;
			children = (
				72596A64240E6E490052010F /* BirdTileSet.sks */,
			);
			path = TileSets;
			sourceTree = "<group>";
		};
		72596A6A240E73220052010F /* Template */ = {
			isa = PBXGroup;
			children = (
				72596A4C240E69C90052010F /* AppDelegate.swift */,
			);
			path = Template;
			sourceTree = "<group>";
		};
		7299EB9B240E76D500ED0012 /* Custom Nodes */ = {
			isa = PBXGroup;
			children = (
				7299EB9C240E76FB00ED0012 /* GameCamera.swift */,
			);
			path = "Custom Nodes";
			sourceTree = "<group>";
		};
/* End PBXGroup section */

/* Begin PBXNativeTarget section */
		72596A48240E69C90052010F /* BirdyBirds */ = {
			isa = PBXNativeTarget;
			buildConfigurationList = 72596A61240E69CC0052010F /* Build configuration list for PBXNativeTarget "BirdyBirds" */;
			buildPhases = (
				72596A45240E69C90052010F /* Sources */,
				72596A46240E69C90052010F /* Frameworks */,
				72596A47240E69C90052010F /* Resources */,
			);
			buildRules = (
			);
			dependencies = (
			);
			name = BirdyBirds;
			productName = BirdyBirds;
			productReference = 72596A49240E69C90052010F /* BirdyBirds.app */;
			productType = "com.apple.product-type.application";
		};
/* End PBXNativeTarget section */

/* Begin PBXProject section */
		72596A41240E69C90052010F /* Project object */ = {
			isa = PBXProject;
			attributes = {
				LastSwiftUpdateCheck = 1130;
				LastUpgradeCheck = 1130;
				ORGANIZATIONNAME = "marianne massé";
				TargetAttributes = {
					72596A48240E69C90052010F = {
						CreatedOnToolsVersion = 11.3.1;
					};
				};
			};
			buildConfigurationList = 72596A44240E69C90052010F /* Build configuration list for PBXProject "BirdyBirds" */;
			compatibilityVersion = "Xcode 9.3";
			developmentRegion = en;
			hasScannedForEncodings = 0;
			knownRegions = (
				en,
				Base,
			);
			mainGroup = 72596A40240E69C90052010F;
			productRefGroup = 72596A4A240E69C90052010F /* Products */;
			projectDirPath = "";
			projectRoot = "";
			targets = (
				72596A48240E69C90052010F /* BirdyBirds */,
			);
		};
/* End PBXProject section */

/* Begin PBXResourcesBuildPhase section */
		72596A47240E69C90052010F /* Resources */ = {
			isa = PBXResourcesBuildPhase;
			buildActionMask = 2147483647;
			files = (
				72596A58240E69C90052010F /* Main.storyboard in Resources */,
				72596A65240E6E490052010F /* BirdTileSet.sks in Resources */,
				72596A4F240E69C90052010F /* GameScene.sks in Resources */,
				72596A5A240E69CC0052010F /* Assets.xcassets in Resources */,
				72596A5D240E69CC0052010F /* LaunchScreen.storyboard in Resources */,
				72596A51240E69C90052010F /* Actions.sks in Resources */,
			);
			runOnlyForDeploymentPostprocessing = 0;
		};
/* End PBXResourcesBuildPhase section */

/* Begin PBXSourcesBuildPhase section */
		72596A45240E69C90052010F /* Sources */ = {
			isa = PBXSourcesBuildPhase;
			buildActionMask = 2147483647;
			files = (
				72596A53240E69C90052010F /* GameScene.swift in Sources */,
				72596A55240E69C90052010F /* GameViewController.swift in Sources */,
				7299EB9D240E76FB00ED0012 /* GameCamera.swift in Sources */,
				72596A4D240E69C90052010F /* AppDelegate.swift in Sources */,
			);
			runOnlyForDeploymentPostprocessing = 0;
		};
/* End PBXSourcesBuildPhase section */

/* Begin PBXVariantGroup section */
		72596A56240E69C90052010F /* Main.storyboard */ = {
			isa = PBXVariantGroup;
			children = (
				72596A57240E69C90052010F /* Base */,
			);
			name = Main.storyboard;
			sourceTree = "<group>";
		};
		72596A5B240E69CC0052010F /* LaunchScreen.storyboard */ = {
			isa = PBXVariantGroup;
			children = (
				72596A5C240E69CC0052010F /* Base */,
			);
			name = LaunchScreen.storyboard;
			sourceTree = "<group>";
		};
/* End PBXVariantGroup section */

/* Begin XCBuildConfiguration section */
		72596A5F240E69CC0052010F /* Debug */ = {
			isa = XCBuildConfiguration;
			buildSettings = {
				ALWAYS_SEARCH_USER_PATHS = NO;
				CLANG_ANALYZER_NONNULL = YES;
				CLANG_ANALYZER_NUMBER_OBJECT_CONVERSION = YES_AGGRESSIVE;
				CLANG_CXX_LANGUAGE_STANDARD = "gnu++14";
				CLANG_CXX_LIBRARY = "libc++";
				CLANG_ENABLE_MODULES = YES;
				CLANG_ENABLE_OBJC_ARC = YES;
				CLANG_ENABLE_OBJC_WEAK = YES;
				CLANG_WARN_BLOCK_CAPTURE_AUTORELEASING = YES;
				CLANG_WARN_BOOL_CONVERSION = YES;
				CLANG_WARN_COMMA = YES;
				CLANG_WARN_CONSTANT_CONVERSION = YES;
				CLANG_WARN_DEPRECATED_OBJC_IMPLEMENTATIONS = YES;
				CLANG_WARN_DIRECT_OBJC_ISA_USAGE = YES_ERROR;
				CLANG_WARN_DOCUMENTATION_COMMENTS = YES;
				CLANG_WARN_EMPTY_BODY = YES;
				CLANG_WARN_ENUM_CONVERSION = YES;
				CLANG_WARN_INFINITE_RECURSION = YES;
				CLANG_WARN_INT_CONVERSION = YES;
				CLANG_WARN_NON_LITERAL_NULL_CONVERSION = YES;
				CLANG_WARN_OBJC_IMPLICIT_RETAIN_SELF = YES;
				CLANG_WARN_OBJC_LITERAL_CONVERSION = YES;
				CLANG_WARN_OBJC_ROOT_CLASS = YES_ERROR;
				CLANG_WARN_RANGE_LOOP_ANALYSIS = YES;
				CLANG_WARN_STRICT_PROTOTYPES = YES;
				CLANG_WARN_SUSPICIOUS_MOVE = YES;
				CLANG_WARN_UNGUARDED_AVAILABILITY = YES_AGGRESSIVE;
				CLANG_WARN_UNREACHABLE_CODE = YES;
				CLANG_WARN__DUPLICATE_METHOD_MATCH = YES;
				COPY_PHASE_STRIP = NO;
				DEBUG_INFORMATION_FORMAT = dwarf;
				ENABLE_STRICT_OBJC_MSGSEND = YES;
				ENABLE_TESTABILITY = YES;
				GCC_C_LANGUAGE_STANDARD = gnu11;
				GCC_DYNAMIC_NO_PIC = NO;
				GCC_NO_COMMON_BLOCKS = YES;
				GCC_OPTIMIZATION_LEVEL = 0;
				GCC_PREPROCESSOR_DEFINITIONS = (
					"DEBUG=1",
					"$(inherited)",
				);
				GCC_WARN_64_TO_32_BIT_CONVERSION = YES;
				GCC_WARN_ABOUT_RETURN_TYPE = YES_ERROR;
				GCC_WARN_UNDECLARED_SELECTOR = YES;
				GCC_WARN_UNINITIALIZED_AUTOS = YES_AGGRESSIVE;
				GCC_WARN_UNUSED_FUNCTION = YES;
				GCC_WARN_UNUSED_VARIABLE = YES;
				IPHONEOS_DEPLOYMENT_TARGET = 11.0;
				MTL_ENABLE_DEBUG_INFO = INCLUDE_SOURCE;
				MTL_FAST_MATH = YES;
				ONLY_ACTIVE_ARCH = YES;
				SDKROOT = iphoneos;
				SWIFT_ACTIVE_COMPILATION_CONDITIONS = DEBUG;
				SWIFT_OPTIMIZATION_LEVEL = "-Onone";
			};
			name = Debug;
		};
		72596A60240E69CC0052010F /* Release */ = {
			isa = XCBuildConfiguration;
			buildSettings = {
				ALWAYS_SEARCH_USER_PATHS = NO;
				CLANG_ANALYZER_NONNULL = YES;
				CLANG_ANALYZER_NUMBER_OBJECT_CONVERSION = YES_AGGRESSIVE;
				CLANG_CXX_LANGUAGE_STANDARD = "gnu++14";
				CLANG_CXX_LIBRARY = "libc++";
				CLANG_ENABLE_MODULES = YES;
				CLANG_ENABLE_OBJC_ARC = YES;
				CLANG_ENABLE_OBJC_WEAK = YES;
				CLANG_WARN_BLOCK_CAPTURE_AUTORELEASING = YES;
				CLANG_WARN_BOOL_CONVERSION = YES;
				CLANG_WARN_COMMA = YES;
				CLANG_WARN_CONSTANT_CONVERSION = YES;
				CLANG_WARN_DEPRECATED_OBJC_IMPLEMENTATIONS = YES;
				CLANG_WARN_DIRECT_OBJC_ISA_USAGE = YES_ERROR;
				CLANG_WARN_DOCUMENTATION_COMMENTS = YES;
				CLANG_WARN_EMPTY_BODY = YES;
				CLANG_WARN_ENUM_CONVERSION = YES;
				CLANG_WARN_INFINITE_RECURSION = YES;
				CLANG_WARN_INT_CONVERSION = YES;
				CLANG_WARN_NON_LITERAL_NULL_CONVERSION = YES;
				CLANG_WARN_OBJC_IMPLICIT_RETAIN_SELF = YES;
				CLANG_WARN_OBJC_LITERAL_CONVERSION = YES;
				CLANG_WARN_OBJC_ROOT_CLASS = YES_ERROR;
				CLANG_WARN_RANGE_LOOP_ANALYSIS = YES;
				CLANG_WARN_STRICT_PROTOTYPES = YES;
				CLANG_WARN_SUSPICIOUS_MOVE = YES;
				CLANG_WARN_UNGUARDED_AVAILABILITY = YES_AGGRESSIVE;
				CLANG_WARN_UNREACHABLE_CODE = YES;
				CLANG_WARN__DUPLICATE_METHOD_MATCH = YES;
				COPY_PHASE_STRIP = NO;
				DEBUG_INFORMATION_FORMAT = "dwarf-with-dsym";
				ENABLE_NS_ASSERTIONS = NO;
				ENABLE_STRICT_OBJC_MSGSEND = YES;
				GCC_C_LANGUAGE_STANDARD = gnu11;
				GCC_NO_COMMON_BLOCKS = YES;
				GCC_WARN_64_TO_32_BIT_CONVERSION = YES;
				GCC_WARN_ABOUT_RETURN_TYPE = YES_ERROR;
				GCC_WARN_UNDECLARED_SELECTOR = YES;
				GCC_WARN_UNINITIALIZED_AUTOS = YES_AGGRESSIVE;
				GCC_WARN_UNUSED_FUNCTION = YES;
				GCC_WARN_UNUSED_VARIABLE = YES;
				IPHONEOS_DEPLOYMENT_TARGET = 11.0;
				MTL_ENABLE_DEBUG_INFO = NO;
				MTL_FAST_MATH = YES;
				SDKROOT = iphoneos;
				SWIFT_COMPILATION_MODE = wholemodule;
				SWIFT_OPTIMIZATION_LEVEL = "-O";
				VALIDATE_PRODUCT = YES;
			};
			name = Release;
		};
		72596A62240E69CC0052010F /* Debug */ = {
			isa = XCBuildConfiguration;
			buildSettings = {
				ASSETCATALOG_COMPILER_APPICON_NAME = AppIcon;
				CODE_SIGN_STYLE = Automatic;
				DEVELOPMENT_TEAM = BGGLL93M78;
				INFOPLIST_FILE = BirdyBirds/Info.plist;
				IPHONEOS_DEPLOYMENT_TARGET = 11.0;
				LD_RUNPATH_SEARCH_PATHS = (
					"$(inherited)",
					"@executable_path/Frameworks",
				);
				PRODUCT_BUNDLE_IDENTIFIER = com.mji.BirdyBirds;
				PRODUCT_NAME = "$(TARGET_NAME)";
				SWIFT_VERSION = 5.0;
				TARGETED_DEVICE_FAMILY = "1,2";
			};
			name = Debug;
		};
		72596A63240E69CC0052010F /* Release */ = {
			isa = XCBuildConfiguration;
			buildSettings = {
				ASSETCATALOG_COMPILER_APPICON_NAME = AppIcon;
				CODE_SIGN_STYLE = Automatic;
				DEVELOPMENT_TEAM = BGGLL93M78;
				INFOPLIST_FILE = BirdyBirds/Info.plist;
				IPHONEOS_DEPLOYMENT_TARGET = 11.0;
				LD_RUNPATH_SEARCH_PATHS = (
					"$(inherited)",
					"@executable_path/Frameworks",
				);
				PRODUCT_BUNDLE_IDENTIFIER = com.mji.BirdyBirds;
				PRODUCT_NAME = "$(TARGET_NAME)";
				SWIFT_VERSION = 5.0;
				TARGETED_DEVICE_FAMILY = "1,2";
			};
			name = Release;
		};
/* End XCBuildConfiguration section */

/* Begin XCConfigurationList section */
		72596A44240E69C90052010F /* Build configuration list for PBXProject "BirdyBirds" */ = {
			isa = XCConfigurationList;
			buildConfigurations = (
				72596A5F240E69CC0052010F /* Debug */,
				72596A60240E69CC0052010F /* Release */,
			);
			defaultConfigurationIsVisible = 0;
			defaultConfigurationName = Release;
		};
		72596A61240E69CC0052010F /* Build configuration list for PBXNativeTarget "BirdyBirds" */ = {
			isa = XCConfigurationList;
			buildConfigurations = (
				72596A62240E69CC0052010F /* Debug */,
				72596A63240E69CC0052010F /* Release */,
			);
			defaultConfigurationIsVisible = 0;
			defaultConfigurationName = Release;
		};
/* End XCConfigurationList section */
	};
	rootObject = 72596A41240E69C90052010F /* Project object */;
}
